
Microsoft Visual Studio Solution File, Format Version 12.00
# Visual Studio Version 17
VisualStudioVersion = 17.3.32929.385
MinimumVisualStudioVersion = 10.0.40219.1
Project("{9A19103F-16F7-4668-BE54-9A1E7A4F7556}") = "ActivityScheduler", "ActivityScheduler.csproj", "{11E0F92F-116F-4AA1-9128-08CD1AEDDDA6}"
EndProject
Project("{9A19103F-16F7-4668-BE54-9A1E7A4F7556}") = "ActivityScheduler.Shared", "ActivityScheduler.Shared\ActivityScheduler.Shared.csproj", "{C4C70135-B5CD-4F3A-B7B5-D5FDCFACD0A9}"
EndProject
Project("{9A19103F-16F7-4668-BE54-9A1E7A4F7556}") = "ActivityScheduler.WorkerService.TopShelf", "ActivityScheduler.WorkerService.TopShelf\ActivityScheduler.WorkerService.TopShelf.csproj", "{31B5E847-2176-43F2-999A-0307FD5ABF51}"
EndProject
Project("{FAE04EC0-301F-11D3-BF4B-00C04F79EFBC}") = "WpfAppTest", "..\WpfAppTest\WpfAppTest.csproj", "{FD6A3346-6147-4155-90D3-24043F9B5BB8}"
EndProject
Global
	GlobalSection(SolutionConfigurationPlatforms) = preSolution
		Debug|Any CPU = Debug|Any CPU
		Debug|ARM = Debug|ARM
		Debug|ARM64 = Debug|ARM64
		Debug|x64 = Debug|x64
		Debug|x86 = Debug|x86
		Release|Any CPU = Release|Any CPU
		Release|ARM = Release|ARM
		Release|ARM64 = Release|ARM64
		Release|x64 = Release|x64
		Release|x86 = Release|x86
	EndGlobalSection
	GlobalSection(ProjectConfigurationPlatforms) = postSolution
		{11E0F92F-116F-4AA1-9128-08CD1AEDDDA6}.Debug|Any CPU.ActiveCfg = Debug|Any CPU
		{11E0F92F-116F-4AA1-9128-08CD1AEDDDA6}.Debug|Any CPU.Build.0 = Debug|Any CPU
		{11E0F92F-116F-4AA1-9128-08CD1AEDDDA6}.Debug|ARM.ActiveCfg = Debug|Any CPU
		{11E0F92F-116F-4AA1-9128-08CD1AEDDDA6}.Debug|ARM.Build.0 = Debug|Any CPU
		{11E0F92F-116F-4AA1-9128-08CD1AEDDDA6}.Debug|ARM64.ActiveCfg = Debug|Any CPU
		{11E0F92F-116F-4AA1-9128-08CD1AEDDDA6}.Debug|ARM64.Build.0 = Debug|Any CPU
		{11E0F92F-116F-4AA1-9128-08CD1AEDDDA6}.Debug|x64.ActiveCfg = Debug|Any CPU
		{11E0F92F-116F-4AA1-9128-08CD1AEDDDA6}.Debug|x64.Build.0 = Debug|Any CPU
		{11E0F92F-116F-4AA1-9128-08CD1AEDDDA6}.Debug|x86.ActiveCfg = Debug|Any CPU
		{11E0F92F-116F-4AA1-9128-08CD1AEDDDA6}.Debug|x86.Build.0 = Debug|Any CPU
		{11E0F92F-116F-4AA1-9128-08CD1AEDDDA6}.Release|Any CPU.ActiveCfg = Release|Any CPU
		{11E0F92F-116F-4AA1-9128-08CD1AEDDDA6}.Release|Any CPU.Build.0 = Release|Any CPU
		{11E0F92F-116F-4AA1-9128-08CD1AEDDDA6}.Release|ARM.ActiveCfg = Release|Any CPU
		{11E0F92F-116F-4AA1-9128-08CD1AEDDDA6}.Release|ARM.Build.0 = Release|Any CPU
		{11E0F92F-116F-4AA1-9128-08CD1AEDDDA6}.Release|ARM64.ActiveCfg = Release|Any CPU
		{11E0F92F-116F-4AA1-9128-08CD1AEDDDA6}.Release|ARM64.Build.0 = Release|Any CPU
		{11E0F92F-116F-4AA1-9128-08CD1AEDDDA6}.Release|x64.ActiveCfg = Release|Any CPU
		{11E0F92F-116F-4AA1-9128-08CD1AEDDDA6}.Release|x64.Build.0 = Release|Any CPU
		{11E0F92F-116F-4AA1-9128-08CD1AEDDDA6}.Release|x86.ActiveCfg = Release|Any CPU
		{11E0F92F-116F-4AA1-9128-08CD1AEDDDA6}.Release|x86.Build.0 = Release|Any CPU
		{C4C70135-B5CD-4F3A-B7B5-D5FDCFACD0A9}.Debug|Any CPU.ActiveCfg = Debug|Any CPU
		{C4C70135-B5CD-4F3A-B7B5-D5FDCFACD0A9}.Debug|Any CPU.Build.0 = Debug|Any CPU
		{C4C70135-B5CD-4F3A-B7B5-D5FDCFACD0A9}.Debug|ARM.ActiveCfg = Debug|Any CPU
		{C4C70135-B5CD-4F3A-B7B5-D5FDCFACD0A9}.Debug|ARM.Build.0 = Debug|Any CPU
		{C4C70135-B5CD-4F3A-B7B5-D5FDCFACD0A9}.Debug|ARM64.ActiveCfg = Debug|Any CPU
		{C4C70135-B5CD-4F3A-B7B5-D5FDCFACD0A9}.Debug|ARM64.Build.0 = Debug|Any CPU
		{C4C70135-B5CD-4F3A-B7B5-D5FDCFACD0A9}.Debug|x64.ActiveCfg = Debug|Any CPU
		{C4C70135-B5CD-4F3A-B7B5-D5FDCFACD0A9}.Debug|x64.Build.0 = Debug|Any CPU
		{C4C70135-B5CD-4F3A-B7B5-D5FDCFACD0A9}.Debug|x86.ActiveCfg = Debug|Any CPU
		{C4C70135-B5CD-4F3A-B7B5-D5FDCFACD0A9}.Debug|x86.Build.0 = Debug|Any CPU
		{C4C70135-B5CD-4F3A-B7B5-D5FDCFACD0A9}.Release|Any CPU.ActiveCfg = Release|Any CPU
		{C4C70135-B5CD-4F3A-B7B5-D5FDCFACD0A9}.Release|Any CPU.Build.0 = Release|Any CPU
		{C4C70135-B5CD-4F3A-B7B5-D5FDCFACD0A9}.Release|ARM.ActiveCfg = Release|Any CPU
		{C4C70135-B5CD-4F3A-B7B5-D5FDCFACD0A9}.Release|ARM.Build.0 = Release|Any CPU
		{C4C70135-B5CD-4F3A-B7B5-D5FDCFACD0A9}.Release|ARM64.ActiveCfg = Release|Any CPU
		{C4C70135-B5CD-4F3A-B7B5-D5FDCFACD0A9}.Release|ARM64.Build.0 = Release|Any CPU
		{C4C70135-B5CD-4F3A-B7B5-D5FDCFACD0A9}.Release|x64.ActiveCfg = Release|Any CPU
		{C4C70135-B5CD-4F3A-B7B5-D5FDCFACD0A9}.Release|x64.Build.0 = Release|Any CPU
		{C4C70135-B5CD-4F3A-B7B5-D5FDCFACD0A9}.Release|x86.ActiveCfg = Release|Any CPU
		{C4C70135-B5CD-4F3A-B7B5-D5FDCFACD0A9}.Release|x86.Build.0 = Release|Any CPU
		{31B5E847-2176-43F2-999A-0307FD5ABF51}.Debug|Any CPU.ActiveCfg = Debug|Any CPU
		{31B5E847-2176-43F2-999A-0307FD5ABF51}.Debug|Any CPU.Build.0 = Debug|Any CPU
		{31B5E847-2176-43F2-999A-0307FD5ABF51}.Debug|ARM.ActiveCfg = Debug|Any CPU
		{31B5E847-2176-43F2-999A-0307FD5ABF51}.Debug|ARM.Build.0 = Debug|Any CPU
		{31B5E847-2176-43F2-999A-0307FD5ABF51}.Debug|ARM64.ActiveCfg = Debug|Any CPU
		{31B5E847-2176-43F2-999A-0307FD5ABF51}.Debug|ARM64.Build.0 = Debug|Any CPU
		{31B5E847-2176-43F2-999A-0307FD5ABF51}.Debug|x64.ActiveCfg = Debug|Any CPU
		{31B5E847-2176-43F2-999A-0307FD5ABF51}.Debug|x64.Build.0 = Debug|Any CPU
		{31B5E847-2176-43F2-999A-0307FD5ABF51}.Debug|x86.ActiveCfg = Debug|Any CPU
		{31B5E847-2176-43F2-999A-0307FD5ABF51}.Debug|x86.Build.0 = Debug|Any CPU
		{31B5E847-2176-43F2-999A-0307FD5ABF51}.Release|Any CPU.ActiveCfg = Release|Any CPU
		{31B5E847-2176-43F2-999A-0307FD5ABF51}.Release|Any CPU.Build.0 = Release|Any CPU
		{31B5E847-2176-43F2-999A-0307FD5ABF51}.Release|ARM.ActiveCfg = Release|Any CPU
		{31B5E847-2176-43F2-999A-0307FD5ABF51}.Release|ARM.Build.0 = Release|Any CPU
		{31B5E847-2176-43F2-999A-0307FD5ABF51}.Release|ARM64.ActiveCfg = Release|Any CPU
		{31B5E847-2176-43F2-999A-0307FD5ABF51}.Release|ARM64.Build.0 = Release|Any CPU
		{31B5E847-2176-43F2-999A-0307FD5ABF51}.Release|x64.ActiveCfg = Release|Any CPU
		{31B5E847-2176-43F2-999A-0307FD5ABF51}.Release|x64.Build.0 = Release|Any CPU
		{31B5E847-2176-43F2-999A-0307FD5ABF51}.Release|x86.ActiveCfg = Release|Any CPU
		{31B5E847-2176-43F2-999A-0307FD5ABF51}.Release|x86.Build.0 = Release|Any CPU
		{FD6A3346-6147-4155-90D3-24043F9B5BB8}.Debug|Any CPU.ActiveCfg = Debug|Any CPU
		{FD6A3346-6147-4155-90D3-24043F9B5BB8}.Debug|Any CPU.Build.0 = Debug|Any CPU
		{FD6A3346-6147-4155-90D3-24043F9B5BB8}.Debug|ARM.ActiveCfg = Debug|Any CPU
		{FD6A3346-6147-4155-90D3-24043F9B5BB8}.Debug|ARM.Build.0 = Debug|Any CPU
		{FD6A3346-6147-4155-90D3-24043F9B5BB8}.Debug|ARM64.ActiveCfg = Debug|Any CPU
		{FD6A3346-6147-4155-90D3-24043F9B5BB8}.Debug|ARM64.Build.0 = Debug|Any CPU
		{FD6A3346-6147-4155-90D3-24043F9B5BB8}.Debug|x64.ActiveCfg = Debug|Any CPU
		{FD6A3346-6147-4155-90D3-24043F9B5BB8}.Debug|x64.Build.0 = Debug|Any CPU
		{FD6A3346-6147-4155-90D3-24043F9B5BB8}.Debug|x86.ActiveCfg = Debug|Any CPU
		{FD6A3346-6147-4155-90D3-24043F9B5BB8}.Debug|x86.Build.0 = Debug|Any CPU
		{FD6A3346-6147-4155-90D3-24043F9B5BB8}.Release|Any CPU.ActiveCfg = Release|Any CPU
		{FD6A3346-6147-4155-90D3-24043F9B5BB8}.Release|Any CPU.Build.0 = Release|Any CPU
		{FD6A3346-6147-4155-90D3-24043F9B5BB8}.Release|ARM.ActiveCfg = Release|Any CPU
		{FD6A3346-6147-4155-90D3-24043F9B5BB8}.Release|ARM.Build.0 = Release|Any CPU
		{FD6A3346-6147-4155-90D3-24043F9B5BB8}.Release|ARM64.ActiveCfg = Release|Any CPU
		{FD6A3346-6147-4155-90D3-24043F9B5BB8}.Release|ARM64.Build.0 = Release|Any CPU
		{FD6A3346-6147-4155-90D3-24043F9B5BB8}.Release|x64.ActiveCfg = Release|Any CPU
		{FD6A3346-6147-4155-90D3-24043F9B5BB8}.Release|x64.Build.0 = Release|Any CPU
		{FD6A3346-6147-4155-90D3-24043F9B5BB8}.Release|x86.ActiveCfg = Release|Any CPU
		{FD6A3346-6147-4155-90D3-24043F9B5BB8}.Release|x86.Build.0 = Release|Any CPU
	EndGlobalSection
	GlobalSection(SolutionProperties) = preSolution
		HideSolutionNode = FALSE
	EndGlobalSection
	GlobalSection(ExtensibilityGlobals) = postSolution
		SolutionGuid = {681AFFB3-6F68-4D9F-BA2F-8786CDE84318}
	EndGlobalSection
EndGlobal
